
Microsoft Visual Studio Solution File, Format Version 12.00
# Visual Studio Version 16
VisualStudioVersion = 16.0.30907.101
MinimumVisualStudioVersion = 10.0.40219.1
Project("{FAE04EC0-301F-11D3-BF4B-00C04F79EFBC}") = "CapaNegocios", "CapaNegocios\CapaNegocios.csproj", "{FE138B9B-6920-49BB-A1F1-97E2003116DB}"
EndProject
Project("{FAE04EC0-301F-11D3-BF4B-00C04F79EFBC}") = "CapaUsuarioForm", "CapaUsuarioForm\CapaUsuarioForm.csproj", "{54EA7C80-ECE3-487B-B715-DCFFB06400B3}"
EndProject
Global
	GlobalSection(SolutionConfigurationPlatforms) = preSolution
		Debug|Any CPU = Debug|Any CPU
		Release|Any CPU = Release|Any CPU
	EndGlobalSection
	GlobalSection(ProjectConfigurationPlatforms) = postSolution
		{FE138B9B-6920-49BB-A1F1-97E2003116DB}.Debug|Any CPU.ActiveCfg = Debug|Any CPU
		{FE138B9B-6920-49BB-A1F1-97E2003116DB}.Debug|Any CPU.Build.0 = Debug|Any CPU
		{FE138B9B-6920-49BB-A1F1-97E2003116DB}.Release|Any CPU.ActiveCfg = Release|Any CPU
		{FE138B9B-6920-49BB-A1F1-97E2003116DB}.Release|Any CPU.Build.0 = Release|Any CPU
		{54EA7C80-ECE3-487B-B715-DCFFB06400B3}.Debug|Any CPU.ActiveCfg = Debug|Any CPU
		{54EA7C80-ECE3-487B-B715-DCFFB06400B3}.Debug|Any CPU.Build.0 = Debug|Any CPU
		{54EA7C80-ECE3-487B-B715-DCFFB06400B3}.Release|Any CPU.ActiveCfg = Release|Any CPU
		{54EA7C80-ECE3-487B-B715-DCFFB06400B3}.Release|Any CPU.Build.0 = Release|Any CPU
	EndGlobalSection
	GlobalSection(SolutionProperties) = preSolution
		HideSolutionNode = FALSE
	EndGlobalSection
	GlobalSection(ExtensibilityGlobals) = postSolution
		SolutionGuid = {ED855325-D4F1-4621-AC5E-D718E1B24875}
	EndGlobalSection
EndGlobal
